
Microsoft Visual Studio Solution File, Format Version 12.00
# Visual Studio Version 16
VisualStudioVersion = 16.0.31624.102
MinimumVisualStudioVersion = 10.0.40219.1
Project("{FAE04EC0-301F-11D3-BF4B-00C04F79EFBC}") = "BRFTBooking", "BRFTBooking\BRFTBooking.csproj", "{B66010FC-6726-409B-B654-B8D4F2C57C1A}"
EndProject
Global
	GlobalSection(SolutionConfigurationPlatforms) = preSolution
		Debug|Any CPU = Debug|Any CPU
		Release|Any CPU = Release|Any CPU
	EndGlobalSection
	GlobalSection(ProjectConfigurationPlatforms) = postSolution
		{B66010FC-6726-409B-B654-B8D4F2C57C1A}.Debug|Any CPU.ActiveCfg = Debug|Any CPU
		{B66010FC-6726-409B-B654-B8D4F2C57C1A}.Debug|Any CPU.Build.0 = Debug|Any CPU
		{B66010FC-6726-409B-B654-B8D4F2C57C1A}.Release|Any CPU.ActiveCfg = Release|Any CPU
		{B66010FC-6726-409B-B654-B8D4F2C57C1A}.Release|Any CPU.Build.0 = Release|Any CPU
	EndGlobalSection
	GlobalSection(SolutionProperties) = preSolution
		HideSolutionNode = FALSE
	EndGlobalSection
	GlobalSection(ExtensibilityGlobals) = postSolution
		SolutionGuid = {0F3072A8-C5FB-4D62-AA19-E51BA1026334}
	EndGlobalSection
EndGlobal
